
Microsoft Visual Studio Solution File, Format Version 12.00
# Visual Studio Version 17
VisualStudioVersion = 17.3.32811.315
MinimumVisualStudioVersion = 10.0.40219.1
Project("{9A19103F-16F7-4668-BE54-9A1E7A4F7556}") = "Phaeton", "src\Phaeton\Phaeton.csproj", "{C2B59C36-640A-4BE6-B827-E9C79F67DC3E}"
EndProject
Project("{9A19103F-16F7-4668-BE54-9A1E7A4F7556}") = "Phaeton.API", "src\Phaeton.API\Phaeton.API.csproj", "{15F3AB6A-08F0-43B2-95F2-3B43885C9301}"
EndProject
Project("{9A19103F-16F7-4668-BE54-9A1E7A4F7556}") = "Phaeton.Auth", "src\Phaeton.Auth\Phaeton.Auth.csproj", "{8E77276E-5FC5-4DE5-A490-F070B36A8551}"
EndProject
Project("{9A19103F-16F7-4668-BE54-9A1E7A4F7556}") = "Phaeton.Contexts", "src\Phaeton.Contexts\Phaeton.Contexts.csproj", "{A9B48AC4-6D62-4624-BA6A-AA7DE26C8EEB}"
EndProject
Project("{9A19103F-16F7-4668-BE54-9A1E7A4F7556}") = "Phaeton.DAL.Elasticsearch", "src\Phaeton.DAL.Elasticsearch\Phaeton.DAL.Elasticsearch.csproj", "{4C9554F2-E58D-4E4D-85F9-51E409AEA1CB}"
EndProject
Project("{9A19103F-16F7-4668-BE54-9A1E7A4F7556}") = "Phaeton.DAL.Postgres", "src\Phaeton.DAL.Postgres\Phaeton.DAL.Postgres.csproj", "{C2F8F093-722C-4CF5-A439-5405D9D6CA70}"
EndProject
Project("{9A19103F-16F7-4668-BE54-9A1E7A4F7556}") = "Phaeton.Framework", "src\Phaeton.Framework\Phaeton.Framework.csproj", "{52FC0EFE-2DFD-4931-93C8-96D7D073F2A9}"
EndProject
Project("{9A19103F-16F7-4668-BE54-9A1E7A4F7556}") = "Phaeton.gRPC", "src\Phaeton.gRPC\Phaeton.gRPC.csproj", "{23541117-8E86-46A3-A305-B5946A0B1EBF}"
EndProject
Project("{9A19103F-16F7-4668-BE54-9A1E7A4F7556}") = "Phaeton.HTTP", "src\Phaeton.HTTP\Phaeton.HTTP.csproj", "{4987CAF7-1B9E-48FA-969A-065C42D1B8E0}"
EndProject
Project("{9A19103F-16F7-4668-BE54-9A1E7A4F7556}") = "Phaeton.Observability", "src\Phaeton.Observability\Phaeton.Observability.csproj", "{F289096B-1313-4935-B823-947AA87A121D}"
EndProject
Project("{FAE04EC0-301F-11D3-BF4B-00C04F79EFBC}") = "Phaeton.Mediator.Generator.Sample", "samples\Phaeton.Mediator.Generator.Sample\Phaeton.Mediator.Generator.Sample.csproj", "{8A3C13D9-F7B1-4C90-96C3-C582BF0657A8}"
EndProject
Project("{2150E333-8FDC-42A3-9474-1A3956D46DE8}") = "Samples", "Samples", "{2087850E-8416-4FF0-A4ED-05BDDF755066}"
EndProject
Project("{FAE04EC0-301F-11D3-BF4B-00C04F79EFBC}") = "Phaeton.Mediator.Generator", "src\Phaeton.Mediator.Generator\Phaeton.Mediator.Generator.csproj", "{C6DA18E9-C10E-42CA-A103-45A8E3973294}"
EndProject
Project("{FAE04EC0-301F-11D3-BF4B-00C04F79EFBC}") = "Phaeton.gRPC.Extensions.Generator", "src\Phaeton.gRPC.Extensions.Generator\Phaeton.gRPC.Extensions.Generator.csproj", "{2FA18B26-560D-4731-BEA5-25F4CCB4530C}"
EndProject
Project("{FAE04EC0-301F-11D3-BF4B-00C04F79EFBC}") = "Phaeton.gRPC.Client.Sample", "samples\Phaeton.gRPC.Client.Sample\Phaeton.gRPC.Client.Sample.csproj", "{3F164F77-F8C0-4E73-885B-48A6F195225C}"
EndProject
Project("{FAE04EC0-301F-11D3-BF4B-00C04F79EFBC}") = "Phaeton.gRPC.Server.Sample", "samples\Phaeton.gRPC.Server.Sample\Phaeton.gRPC.Server.Sample.csproj", "{6F6B07DA-56B2-4FE5-92E7-4341A9360D83}"
EndProject
Project("{2150E333-8FDC-42A3-9474-1A3956D46DE8}") = "Shared", "Shared", "{66E9B970-9CB5-484A-943A-E9C5CCF1080B}"
EndProject
Project("{FAE04EC0-301F-11D3-BF4B-00C04F79EFBC}") = "Phaeton.Shared.Protos", "samples\Shared\Phaeton.Shared.Protos\Phaeton.Shared.Protos.csproj", "{784F6AAF-E1B8-4412-BAD6-1D0AEAE01F6E}"
EndProject
Global
	GlobalSection(SolutionConfigurationPlatforms) = preSolution
		Debug|Any CPU = Debug|Any CPU
		Release|Any CPU = Release|Any CPU
	EndGlobalSection
	GlobalSection(ProjectConfigurationPlatforms) = postSolution
		{C2B59C36-640A-4BE6-B827-E9C79F67DC3E}.Debug|Any CPU.ActiveCfg = Debug|Any CPU
		{C2B59C36-640A-4BE6-B827-E9C79F67DC3E}.Debug|Any CPU.Build.0 = Debug|Any CPU
		{C2B59C36-640A-4BE6-B827-E9C79F67DC3E}.Release|Any CPU.ActiveCfg = Release|Any CPU
		{C2B59C36-640A-4BE6-B827-E9C79F67DC3E}.Release|Any CPU.Build.0 = Release|Any CPU
		{15F3AB6A-08F0-43B2-95F2-3B43885C9301}.Debug|Any CPU.ActiveCfg = Debug|Any CPU
		{15F3AB6A-08F0-43B2-95F2-3B43885C9301}.Debug|Any CPU.Build.0 = Debug|Any CPU
		{15F3AB6A-08F0-43B2-95F2-3B43885C9301}.Release|Any CPU.ActiveCfg = Release|Any CPU
		{15F3AB6A-08F0-43B2-95F2-3B43885C9301}.Release|Any CPU.Build.0 = Release|Any CPU
		{8E77276E-5FC5-4DE5-A490-F070B36A8551}.Debug|Any CPU.ActiveCfg = Debug|Any CPU
		{8E77276E-5FC5-4DE5-A490-F070B36A8551}.Debug|Any CPU.Build.0 = Debug|Any CPU
		{8E77276E-5FC5-4DE5-A490-F070B36A8551}.Release|Any CPU.ActiveCfg = Release|Any CPU
		{8E77276E-5FC5-4DE5-A490-F070B36A8551}.Release|Any CPU.Build.0 = Release|Any CPU
		{A9B48AC4-6D62-4624-BA6A-AA7DE26C8EEB}.Debug|Any CPU.ActiveCfg = Debug|Any CPU
		{A9B48AC4-6D62-4624-BA6A-AA7DE26C8EEB}.Debug|Any CPU.Build.0 = Debug|Any CPU
		{A9B48AC4-6D62-4624-BA6A-AA7DE26C8EEB}.Release|Any CPU.ActiveCfg = Release|Any CPU
		{A9B48AC4-6D62-4624-BA6A-AA7DE26C8EEB}.Release|Any CPU.Build.0 = Release|Any CPU
		{4C9554F2-E58D-4E4D-85F9-51E409AEA1CB}.Debug|Any CPU.ActiveCfg = Debug|Any CPU
		{4C9554F2-E58D-4E4D-85F9-51E409AEA1CB}.Debug|Any CPU.Build.0 = Debug|Any CPU
		{4C9554F2-E58D-4E4D-85F9-51E409AEA1CB}.Release|Any CPU.ActiveCfg = Release|Any CPU
		{4C9554F2-E58D-4E4D-85F9-51E409AEA1CB}.Release|Any CPU.Build.0 = Release|Any CPU
		{C2F8F093-722C-4CF5-A439-5405D9D6CA70}.Debug|Any CPU.ActiveCfg = Debug|Any CPU
		{C2F8F093-722C-4CF5-A439-5405D9D6CA70}.Debug|Any CPU.Build.0 = Debug|Any CPU
		{C2F8F093-722C-4CF5-A439-5405D9D6CA70}.Release|Any CPU.ActiveCfg = Release|Any CPU
		{C2F8F093-722C-4CF5-A439-5405D9D6CA70}.Release|Any CPU.Build.0 = Release|Any CPU
		{52FC0EFE-2DFD-4931-93C8-96D7D073F2A9}.Debug|Any CPU.ActiveCfg = Debug|Any CPU
		{52FC0EFE-2DFD-4931-93C8-96D7D073F2A9}.Debug|Any CPU.Build.0 = Debug|Any CPU
		{52FC0EFE-2DFD-4931-93C8-96D7D073F2A9}.Release|Any CPU.ActiveCfg = Release|Any CPU
		{52FC0EFE-2DFD-4931-93C8-96D7D073F2A9}.Release|Any CPU.Build.0 = Release|Any CPU
		{23541117-8E86-46A3-A305-B5946A0B1EBF}.Debug|Any CPU.ActiveCfg = Debug|Any CPU
		{23541117-8E86-46A3-A305-B5946A0B1EBF}.Debug|Any CPU.Build.0 = Debug|Any CPU
		{23541117-8E86-46A3-A305-B5946A0B1EBF}.Release|Any CPU.ActiveCfg = Release|Any CPU
		{23541117-8E86-46A3-A305-B5946A0B1EBF}.Release|Any CPU.Build.0 = Release|Any CPU
		{4987CAF7-1B9E-48FA-969A-065C42D1B8E0}.Debug|Any CPU.ActiveCfg = Debug|Any CPU
		{4987CAF7-1B9E-48FA-969A-065C42D1B8E0}.Debug|Any CPU.Build.0 = Debug|Any CPU
		{4987CAF7-1B9E-48FA-969A-065C42D1B8E0}.Release|Any CPU.ActiveCfg = Release|Any CPU
		{4987CAF7-1B9E-48FA-969A-065C42D1B8E0}.Release|Any CPU.Build.0 = Release|Any CPU
		{F289096B-1313-4935-B823-947AA87A121D}.Debug|Any CPU.ActiveCfg = Debug|Any CPU
		{F289096B-1313-4935-B823-947AA87A121D}.Debug|Any CPU.Build.0 = Debug|Any CPU
		{F289096B-1313-4935-B823-947AA87A121D}.Release|Any CPU.ActiveCfg = Release|Any CPU
		{F289096B-1313-4935-B823-947AA87A121D}.Release|Any CPU.Build.0 = Release|Any CPU
		{8A3C13D9-F7B1-4C90-96C3-C582BF0657A8}.Debug|Any CPU.ActiveCfg = Debug|Any CPU
		{8A3C13D9-F7B1-4C90-96C3-C582BF0657A8}.Debug|Any CPU.Build.0 = Debug|Any CPU
		{8A3C13D9-F7B1-4C90-96C3-C582BF0657A8}.Release|Any CPU.ActiveCfg = Release|Any CPU
		{8A3C13D9-F7B1-4C90-96C3-C582BF0657A8}.Release|Any CPU.Build.0 = Release|Any CPU
		{C6DA18E9-C10E-42CA-A103-45A8E3973294}.Debug|Any CPU.ActiveCfg = Debug|Any CPU
		{C6DA18E9-C10E-42CA-A103-45A8E3973294}.Debug|Any CPU.Build.0 = Debug|Any CPU
		{C6DA18E9-C10E-42CA-A103-45A8E3973294}.Release|Any CPU.ActiveCfg = Release|Any CPU
		{C6DA18E9-C10E-42CA-A103-45A8E3973294}.Release|Any CPU.Build.0 = Release|Any CPU
		{2FA18B26-560D-4731-BEA5-25F4CCB4530C}.Debug|Any CPU.ActiveCfg = Debug|Any CPU
		{2FA18B26-560D-4731-BEA5-25F4CCB4530C}.Debug|Any CPU.Build.0 = Debug|Any CPU
		{2FA18B26-560D-4731-BEA5-25F4CCB4530C}.Release|Any CPU.ActiveCfg = Release|Any CPU
		{2FA18B26-560D-4731-BEA5-25F4CCB4530C}.Release|Any CPU.Build.0 = Release|Any CPU
		{3F164F77-F8C0-4E73-885B-48A6F195225C}.Debug|Any CPU.ActiveCfg = Debug|Any CPU
		{3F164F77-F8C0-4E73-885B-48A6F195225C}.Debug|Any CPU.Build.0 = Debug|Any CPU
		{3F164F77-F8C0-4E73-885B-48A6F195225C}.Release|Any CPU.ActiveCfg = Release|Any CPU
		{3F164F77-F8C0-4E73-885B-48A6F195225C}.Release|Any CPU.Build.0 = Release|Any CPU
		{6F6B07DA-56B2-4FE5-92E7-4341A9360D83}.Debug|Any CPU.ActiveCfg = Debug|Any CPU
		{6F6B07DA-56B2-4FE5-92E7-4341A9360D83}.Debug|Any CPU.Build.0 = Debug|Any CPU
		{6F6B07DA-56B2-4FE5-92E7-4341A9360D83}.Release|Any CPU.ActiveCfg = Release|Any CPU
		{6F6B07DA-56B2-4FE5-92E7-4341A9360D83}.Release|Any CPU.Build.0 = Release|Any CPU
		{784F6AAF-E1B8-4412-BAD6-1D0AEAE01F6E}.Debug|Any CPU.ActiveCfg = Debug|Any CPU
		{784F6AAF-E1B8-4412-BAD6-1D0AEAE01F6E}.Debug|Any CPU.Build.0 = Debug|Any CPU
		{784F6AAF-E1B8-4412-BAD6-1D0AEAE01F6E}.Release|Any CPU.ActiveCfg = Release|Any CPU
		{784F6AAF-E1B8-4412-BAD6-1D0AEAE01F6E}.Release|Any CPU.Build.0 = Release|Any CPU
	EndGlobalSection
	GlobalSection(SolutionProperties) = preSolution
		HideSolutionNode = FALSE
	EndGlobalSection
	GlobalSection(NestedProjects) = preSolution
		{8A3C13D9-F7B1-4C90-96C3-C582BF0657A8} = {2087850E-8416-4FF0-A4ED-05BDDF755066}
		{3F164F77-F8C0-4E73-885B-48A6F195225C} = {2087850E-8416-4FF0-A4ED-05BDDF755066}
		{6F6B07DA-56B2-4FE5-92E7-4341A9360D83} = {2087850E-8416-4FF0-A4ED-05BDDF755066}
		{66E9B970-9CB5-484A-943A-E9C5CCF1080B} = {2087850E-8416-4FF0-A4ED-05BDDF755066}
		{784F6AAF-E1B8-4412-BAD6-1D0AEAE01F6E} = {66E9B970-9CB5-484A-943A-E9C5CCF1080B}
	EndGlobalSection
	GlobalSection(ExtensibilityGlobals) = postSolution
		SolutionGuid = {C2AAC794-0A2A-447B-AB7C-E9DB010D4192}
	EndGlobalSection
EndGlobal
